
Microsoft Visual Studio Solution File, Format Version 12.00
Project("{FAE04EC0-301F-11D3-BF4B-00C04F79EFBC}") = "Api", "Api\Api.csproj", "{000818E5-DE51-4CA7-9758-52DAE5155E8E}"
EndProject
Project("{FAE04EC0-301F-11D3-BF4B-00C04F79EFBC}") = "LoggingPracticeBenchmark", "LoggingPracticeBenchmark\LoggingPracticeBenchmark.csproj", "{12CE2917-4EA9-442A-88F8-6009B822BDD0}"
EndProject
Project("{FAE04EC0-301F-11D3-BF4B-00C04F79EFBC}") = "LogMessageWithParams.DefaultLogging", "LogMessageWithParams.DefaultLogging\LogMessageWithParams.DefaultLogging.csproj", "{CE8C0566-7F33-4405-9B9B-AA7F44ED4CBD}"
EndProject
Global
	GlobalSection(SolutionConfigurationPlatforms) = preSolution
		Debug|Any CPU = Debug|Any CPU
		Release|Any CPU = Release|Any CPU
	EndGlobalSection
	GlobalSection(ProjectConfigurationPlatforms) = postSolution
		{000818E5-DE51-4CA7-9758-52DAE5155E8E}.Debug|Any CPU.ActiveCfg = Debug|Any CPU
		{000818E5-DE51-4CA7-9758-52DAE5155E8E}.Debug|Any CPU.Build.0 = Debug|Any CPU
		{000818E5-DE51-4CA7-9758-52DAE5155E8E}.Release|Any CPU.ActiveCfg = Release|Any CPU
		{000818E5-DE51-4CA7-9758-52DAE5155E8E}.Release|Any CPU.Build.0 = Release|Any CPU
		{12CE2917-4EA9-442A-88F8-6009B822BDD0}.Debug|Any CPU.ActiveCfg = Debug|Any CPU
		{12CE2917-4EA9-442A-88F8-6009B822BDD0}.Debug|Any CPU.Build.0 = Debug|Any CPU
		{12CE2917-4EA9-442A-88F8-6009B822BDD0}.Release|Any CPU.ActiveCfg = Release|Any CPU
		{12CE2917-4EA9-442A-88F8-6009B822BDD0}.Release|Any CPU.Build.0 = Release|Any CPU
		{CE8C0566-7F33-4405-9B9B-AA7F44ED4CBD}.Debug|Any CPU.ActiveCfg = Debug|Any CPU
		{CE8C0566-7F33-4405-9B9B-AA7F44ED4CBD}.Debug|Any CPU.Build.0 = Debug|Any CPU
		{CE8C0566-7F33-4405-9B9B-AA7F44ED4CBD}.Release|Any CPU.ActiveCfg = Release|Any CPU
		{CE8C0566-7F33-4405-9B9B-AA7F44ED4CBD}.Release|Any CPU.Build.0 = Release|Any CPU
	EndGlobalSection
EndGlobal
